
Microsoft Visual Studio Solution File, Format Version 12.00
# Visual Studio Version 16
VisualStudioVersion = 16.0.31205.134
MinimumVisualStudioVersion = 10.0.40219.1
Project("{2150E333-8FDC-42A3-9474-1A3956D46DE8}") = "src", "src", "{7B8C0097-7B4F-47AE-85A1-EDAC72074274}"
EndProject
Project("{2150E333-8FDC-42A3-9474-1A3956D46DE8}") = "Core", "Core", "{EE6F4493-03D5-4F73-BEBF-ED29EE47C4BA}"
EndProject
Project("{2150E333-8FDC-42A3-9474-1A3956D46DE8}") = "Infraestructure", "Infraestructure", "{A8815A5C-7FA3-4238-B29E-9573D8C3A778}"
EndProject
Project("{2150E333-8FDC-42A3-9474-1A3956D46DE8}") = "Presentation", "Presentation", "{6B01387D-BCA3-473A-8BEF-4A1B6B648124}"
EndProject
Project("{9A19103F-16F7-4668-BE54-9A1E7A4F7556}") = "Application", "Application\Application.csproj", "{A0C8C8D7-FD0E-4031-B5F4-2F2C73C06510}"
EndProject
Project("{9A19103F-16F7-4668-BE54-9A1E7A4F7556}") = "Domain", "Domain\Domain.csproj", "{5318F65B-CF5F-461D-8788-6AB1D396ECAA}"
EndProject
Project("{9A19103F-16F7-4668-BE54-9A1E7A4F7556}") = "Persistence", "Persistence\Persistence.csproj", "{72D4C99A-1E00-40EB-8193-BB0AEF70082F}"
EndProject
Project("{9A19103F-16F7-4668-BE54-9A1E7A4F7556}") = "Shared", "Shared\Shared.csproj", "{088F52D7-2274-4EB1-8C56-F53DEF9C69B3}"
EndProject
Project("{9A19103F-16F7-4668-BE54-9A1E7A4F7556}") = "WebAPI", "WebAPI\WebAPI.csproj", "{16C17B79-BE96-45CE-BC61-0AD81C70B79A}"
EndProject
Project("{FAE04EC0-301F-11D3-BF4B-00C04F79EFBC}") = "Identity", "Identity\Identity.csproj", "{8216871C-3DB7-442A-A121-138B5414F297}"
EndProject
Global
	GlobalSection(SolutionConfigurationPlatforms) = preSolution
		Debug|Any CPU = Debug|Any CPU
		Release|Any CPU = Release|Any CPU
	EndGlobalSection
	GlobalSection(ProjectConfigurationPlatforms) = postSolution
		{A0C8C8D7-FD0E-4031-B5F4-2F2C73C06510}.Debug|Any CPU.ActiveCfg = Debug|Any CPU
		{A0C8C8D7-FD0E-4031-B5F4-2F2C73C06510}.Debug|Any CPU.Build.0 = Debug|Any CPU
		{A0C8C8D7-FD0E-4031-B5F4-2F2C73C06510}.Release|Any CPU.ActiveCfg = Release|Any CPU
		{A0C8C8D7-FD0E-4031-B5F4-2F2C73C06510}.Release|Any CPU.Build.0 = Release|Any CPU
		{5318F65B-CF5F-461D-8788-6AB1D396ECAA}.Debug|Any CPU.ActiveCfg = Debug|Any CPU
		{5318F65B-CF5F-461D-8788-6AB1D396ECAA}.Debug|Any CPU.Build.0 = Debug|Any CPU
		{5318F65B-CF5F-461D-8788-6AB1D396ECAA}.Release|Any CPU.ActiveCfg = Release|Any CPU
		{5318F65B-CF5F-461D-8788-6AB1D396ECAA}.Release|Any CPU.Build.0 = Release|Any CPU
		{72D4C99A-1E00-40EB-8193-BB0AEF70082F}.Debug|Any CPU.ActiveCfg = Debug|Any CPU
		{72D4C99A-1E00-40EB-8193-BB0AEF70082F}.Debug|Any CPU.Build.0 = Debug|Any CPU
		{72D4C99A-1E00-40EB-8193-BB0AEF70082F}.Release|Any CPU.ActiveCfg = Release|Any CPU
		{72D4C99A-1E00-40EB-8193-BB0AEF70082F}.Release|Any CPU.Build.0 = Release|Any CPU
		{088F52D7-2274-4EB1-8C56-F53DEF9C69B3}.Debug|Any CPU.ActiveCfg = Debug|Any CPU
		{088F52D7-2274-4EB1-8C56-F53DEF9C69B3}.Debug|Any CPU.Build.0 = Debug|Any CPU
		{088F52D7-2274-4EB1-8C56-F53DEF9C69B3}.Release|Any CPU.ActiveCfg = Release|Any CPU
		{088F52D7-2274-4EB1-8C56-F53DEF9C69B3}.Release|Any CPU.Build.0 = Release|Any CPU
		{16C17B79-BE96-45CE-BC61-0AD81C70B79A}.Debug|Any CPU.ActiveCfg = Debug|Any CPU
		{16C17B79-BE96-45CE-BC61-0AD81C70B79A}.Debug|Any CPU.Build.0 = Debug|Any CPU
		{16C17B79-BE96-45CE-BC61-0AD81C70B79A}.Release|Any CPU.ActiveCfg = Release|Any CPU
		{16C17B79-BE96-45CE-BC61-0AD81C70B79A}.Release|Any CPU.Build.0 = Release|Any CPU
		{8216871C-3DB7-442A-A121-138B5414F297}.Debug|Any CPU.ActiveCfg = Debug|Any CPU
		{8216871C-3DB7-442A-A121-138B5414F297}.Debug|Any CPU.Build.0 = Debug|Any CPU
		{8216871C-3DB7-442A-A121-138B5414F297}.Release|Any CPU.ActiveCfg = Release|Any CPU
		{8216871C-3DB7-442A-A121-138B5414F297}.Release|Any CPU.Build.0 = Release|Any CPU
	EndGlobalSection
	GlobalSection(SolutionProperties) = preSolution
		HideSolutionNode = FALSE
	EndGlobalSection
	GlobalSection(NestedProjects) = preSolution
		{EE6F4493-03D5-4F73-BEBF-ED29EE47C4BA} = {7B8C0097-7B4F-47AE-85A1-EDAC72074274}
		{A8815A5C-7FA3-4238-B29E-9573D8C3A778} = {7B8C0097-7B4F-47AE-85A1-EDAC72074274}
		{6B01387D-BCA3-473A-8BEF-4A1B6B648124} = {7B8C0097-7B4F-47AE-85A1-EDAC72074274}
		{A0C8C8D7-FD0E-4031-B5F4-2F2C73C06510} = {EE6F4493-03D5-4F73-BEBF-ED29EE47C4BA}
		{5318F65B-CF5F-461D-8788-6AB1D396ECAA} = {EE6F4493-03D5-4F73-BEBF-ED29EE47C4BA}
		{72D4C99A-1E00-40EB-8193-BB0AEF70082F} = {A8815A5C-7FA3-4238-B29E-9573D8C3A778}
		{088F52D7-2274-4EB1-8C56-F53DEF9C69B3} = {A8815A5C-7FA3-4238-B29E-9573D8C3A778}
		{16C17B79-BE96-45CE-BC61-0AD81C70B79A} = {6B01387D-BCA3-473A-8BEF-4A1B6B648124}
		{8216871C-3DB7-442A-A121-138B5414F297} = {A8815A5C-7FA3-4238-B29E-9573D8C3A778}
	EndGlobalSection
	GlobalSection(ExtensibilityGlobals) = postSolution
		SolutionGuid = {A8E8C938-F505-437D-B867-D183B71D0281}
	EndGlobalSection
EndGlobal
